{
  "name": "appium-installer",
  "version": "3.0.3",
  "lockfileVersion": 3,
  "requires": true,
  "packages": {
    "": {
      "name": "appium-installer",
      "version": "3.0.3",
      "license": "MIT",
      "os": [
        "darwin",
        "linux",
        "win32"
      ],
      "bin": {
        "appium-installer": "appium-installer.js"
      },
      "devDependencies": {},
      "engines": {
        "node": ">=16.0.0",
        "npm": ">=8.0.0"
      },
      "peerDependencies": {
        "appium": ">=3.0.0"
      },
      "peerDependenciesMeta": {
        "appium": {
          "optional": true
        }
      }
    }
  }
}
